// !$*UTF8*$!
{
	archiveVersion = 1;
	classes = {
	};
	objectVersion = 56;
	objects = {

/* Begin PBXBuildFile section */
		17B038532A37DBC800D2E326 /* FilmWiseApp.swift in Sources */ = {isa = PBXBuildFile; fileRef = 17B038522A37DBC800D2E326 /* FilmWiseApp.swift */; };
		17B038552A37DBC800D2E326 /* LoginView.swift in Sources */ = {isa = PBXBuildFile; fileRef = 17B038542A37DBC800D2E326 /* LoginView.swift */; };
		17B038572A37DBC900D2E326 /* Assets.xcassets in Resources */ = {isa = PBXBuildFile; fileRef = 17B038562A37DBC900D2E326 /* Assets.xcassets */; };
		17B0385A2A37DBC900D2E326 /* Preview Assets.xcassets in Resources */ = {isa = PBXBuildFile; fileRef = 17B038592A37DBC900D2E326 /* Preview Assets.xcassets */; };
		17B038642A37DBC900D2E326 /* AuthenticationServiceTests.swift in Sources */ = {isa = PBXBuildFile; fileRef = 17B038632A37DBC900D2E326 /* AuthenticationServiceTests.swift */; };
		17B0387E2A37DF9000D2E326 /* Supabase in Frameworks */ = {isa = PBXBuildFile; productRef = 17B0387D2A37DF9000D2E326 /* Supabase */; };
		17B038852A37F35B00D2E326 /* QuizView.swift in Sources */ = {isa = PBXBuildFile; fileRef = 17B038842A37F35B00D2E326 /* QuizView.swift */; };
		17B038872A37F5A100D2E326 /* MainView.swift in Sources */ = {isa = PBXBuildFile; fileRef = 17B038862A37F5A100D2E326 /* MainView.swift */; };
		17B038892A37F60A00D2E326 /* SyncView.swift in Sources */ = {isa = PBXBuildFile; fileRef = 17B038882A37F60A00D2E326 /* SyncView.swift */; };
		17B0388B2A37F7C200D2E326 /* MainViewModel.swift in Sources */ = {isa = PBXBuildFile; fileRef = 17B0388A2A37F7C200D2E326 /* MainViewModel.swift */; };
		17B038902A38F60F00D2E326 /* UserService.swift in Sources */ = {isa = PBXBuildFile; fileRef = 17B0388F2A38F60F00D2E326 /* UserService.swift */; };
		17B038922A38FB2700D2E326 /* MovieService.swift in Sources */ = {isa = PBXBuildFile; fileRef = 17B038912A38FB2700D2E326 /* MovieService.swift */; };
		17B038942A3A84B700D2E326 /* RecommendationView.swift in Sources */ = {isa = PBXBuildFile; fileRef = 17B038932A3A84B700D2E326 /* RecommendationView.swift */; };
/* End PBXBuildFile section */

/* Begin PBXContainerItemProxy section */
		17B038602A37DBC900D2E326 /* PBXContainerItemProxy */ = {
			isa = PBXContainerItemProxy;
			containerPortal = 17B038472A37DBC800D2E326 /* Project object */;
			proxyType = 1;
			remoteGlobalIDString = 17B0384E2A37DBC800D2E326;
			remoteInfo = FilmWise;
		};
/* End PBXContainerItemProxy section */

/* Begin PBXFileReference section */
		17B0384F2A37DBC800D2E326 /* FilmWise.app */ = {isa = PBXFileReference; explicitFileType = wrapper.application; includeInIndex = 0; path = FilmWise.app; sourceTree = BUILT_PRODUCTS_DIR; };
		17B038522A37DBC800D2E326 /* FilmWiseApp.swift */ = {isa = PBXFileReference; lastKnownFileType = sourcecode.swift; path = FilmWiseApp.swift; sourceTree = "<group>"; };
		17B038542A37DBC800D2E326 /* LoginView.swift */ = {isa = PBXFileReference; lastKnownFileType = sourcecode.swift; path = LoginView.swift; sourceTree = "<group>"; };
		17B038562A37DBC900D2E326 /* Assets.xcassets */ = {isa = PBXFileReference; lastKnownFileType = folder.assetcatalog; path = Assets.xcassets; sourceTree = "<group>"; };
		17B038592A37DBC900D2E326 /* Preview Assets.xcassets */ = {isa = PBXFileReference; lastKnownFileType = folder.assetcatalog; path = "Preview Assets.xcassets"; sourceTree = "<group>"; };
		17B0385F2A37DBC900D2E326 /* FilmWiseTests.xctest */ = {isa = PBXFileReference; explicitFileType = wrapper.cfbundle; includeInIndex = 0; path = FilmWiseTests.xctest; sourceTree = BUILT_PRODUCTS_DIR; };
		17B038632A37DBC900D2E326 /* AuthenticationServiceTests.swift */ = {isa = PBXFileReference; lastKnownFileType = sourcecode.swift; path = AuthenticationServiceTests.swift; sourceTree = "<group>"; };
		17B038842A37F35B00D2E326 /* QuizView.swift */ = {isa = PBXFileReference; lastKnownFileType = sourcecode.swift; path = QuizView.swift; sourceTree = "<group>"; };
		17B038862A37F5A100D2E326 /* MainView.swift */ = {isa = PBXFileReference; lastKnownFileType = sourcecode.swift; path = MainView.swift; sourceTree = "<group>"; };
		17B038882A37F60A00D2E326 /* SyncView.swift */ = {isa = PBXFileReference; lastKnownFileType = sourcecode.swift; path = SyncView.swift; sourceTree = "<group>"; };
		17B0388A2A37F7C200D2E326 /* MainViewModel.swift */ = {isa = PBXFileReference; lastKnownFileType = sourcecode.swift; path = MainViewModel.swift; sourceTree = "<group>"; };
		17B0388C2A38BB2000D2E326 /* Info.plist */ = {isa = PBXFileReference; lastKnownFileType = text.plist; path = Info.plist; sourceTree = "<group>"; };
		17B0388F2A38F60F00D2E326 /* UserService.swift */ = {isa = PBXFileReference; lastKnownFileType = sourcecode.swift; path = UserService.swift; sourceTree = "<group>"; };
		17B038912A38FB2700D2E326 /* MovieService.swift */ = {isa = PBXFileReference; lastKnownFileType = sourcecode.swift; path = MovieService.swift; sourceTree = "<group>"; };
		17B038932A3A84B700D2E326 /* RecommendationView.swift */ = {isa = PBXFileReference; lastKnownFileType = sourcecode.swift; path = RecommendationView.swift; sourceTree = "<group>"; };
/* End PBXFileReference section */

/* Begin PBXFrameworksBuildPhase section */
		17B0384C2A37DBC800D2E326 /* Frameworks */ = {
			isa = PBXFrameworksBuildPhase;
			buildActionMask = 2147483647;
			files = (
				17B0387E2A37DF9000D2E326 /* Supabase in Frameworks */,
			);
			runOnlyForDeploymentPostprocessing = 0;
		};
		17B0385C2A37DBC900D2E326 /* Frameworks */ = {
			isa = PBXFrameworksBuildPhase;
			buildActionMask = 2147483647;
			files = (
			);
			runOnlyForDeploymentPostprocessing = 0;
		};
/* End PBXFrameworksBuildPhase section */

/* Begin PBXGroup section */
		17B038462A37DBC800D2E326 = {
			isa = PBXGroup;
			children = (
				17B038512A37DBC800D2E326 /* FilmWise */,
				17B038622A37DBC900D2E326 /* FilmWiseTests */,
				17B038502A37DBC800D2E326 /* Products */,
			);
			sourceTree = "<group>";
		};
		17B038502A37DBC800D2E326 /* Products */ = {
			isa = PBXGroup;
			children = (
				17B0384F2A37DBC800D2E326 /* FilmWise.app */,
				17B0385F2A37DBC900D2E326 /* FilmWiseTests.xctest */,
			);
			name = Products;
			sourceTree = "<group>";
		};
		17B038512A37DBC800D2E326 /* FilmWise */ = {
			isa = PBXGroup;
			children = (
				17B0388C2A38BB2000D2E326 /* Info.plist */,
				17B038522A37DBC800D2E326 /* FilmWiseApp.swift */,
				17B0388A2A37F7C200D2E326 /* MainViewModel.swift */,
				17B0388E2A38F5E400D2E326 /* Services */,
				17B0388D2A38F5D100D2E326 /* Views */,
				17B038562A37DBC900D2E326 /* Assets.xcassets */,
				17B038582A37DBC900D2E326 /* Preview Content */,
			);
			path = FilmWise;
			sourceTree = "<group>";
		};
		17B038582A37DBC900D2E326 /* Preview Content */ = {
			isa = PBXGroup;
			children = (
				17B038592A37DBC900D2E326 /* Preview Assets.xcassets */,
			);
			path = "Preview Content";
			sourceTree = "<group>";
		};
		17B038622A37DBC900D2E326 /* FilmWiseTests */ = {
			isa = PBXGroup;
			children = (
				17B038632A37DBC900D2E326 /* AuthenticationServiceTests.swift */,
			);
			path = FilmWiseTests;
			sourceTree = "<group>";
		};
		17B0388D2A38F5D100D2E326 /* Views */ = {
			isa = PBXGroup;
			children = (
				17B038862A37F5A100D2E326 /* MainView.swift */,
				17B038542A37DBC800D2E326 /* LoginView.swift */,
				17B038842A37F35B00D2E326 /* QuizView.swift */,
				17B038882A37F60A00D2E326 /* SyncView.swift */,
				17B038932A3A84B700D2E326 /* RecommendationView.swift */,
			);
			path = Views;
			sourceTree = "<group>";
		};
		17B0388E2A38F5E400D2E326 /* Services */ = {
			isa = PBXGroup;
			children = (
				17B0388F2A38F60F00D2E326 /* UserService.swift */,
				17B038912A38FB2700D2E326 /* MovieService.swift */,
			);
			path = Services;
			sourceTree = "<group>";
		};
/* End PBXGroup section */

/* Begin PBXNativeTarget section */
		17B0384E2A37DBC800D2E326 /* FilmWise */ = {
			isa = PBXNativeTarget;
			buildConfigurationList = 17B038732A37DBC900D2E326 /* Build configuration list for PBXNativeTarget "FilmWise" */;
			buildPhases = (
				17B0384B2A37DBC800D2E326 /* Sources */,
				17B0384C2A37DBC800D2E326 /* Frameworks */,
				17B0384D2A37DBC800D2E326 /* Resources */,
			);
			buildRules = (
			);
			dependencies = (
			);
			name = FilmWise;
			packageProductDependencies = (
				17B0387D2A37DF9000D2E326 /* Supabase */,
			);
			productName = FilmWise;
			productReference = 17B0384F2A37DBC800D2E326 /* FilmWise.app */;
			productType = "com.apple.product-type.application";
		};
		17B0385E2A37DBC900D2E326 /* FilmWiseTests */ = {
			isa = PBXNativeTarget;
			buildConfigurationList = 17B038762A37DBC900D2E326 /* Build configuration list for PBXNativeTarget "FilmWiseTests" */;
			buildPhases = (
				17B0385B2A37DBC900D2E326 /* Sources */,
				17B0385C2A37DBC900D2E326 /* Frameworks */,
				17B0385D2A37DBC900D2E326 /* Resources */,
			);
			buildRules = (
			);
			dependencies = (
				17B038612A37DBC900D2E326 /* PBXTargetDependency */,
			);
			name = FilmWiseTests;
			productName = FilmWiseTests;
			productReference = 17B0385F2A37DBC900D2E326 /* FilmWiseTests.xctest */;
			productType = "com.apple.product-type.bundle.unit-test";
		};
/* End PBXNativeTarget section */

/* Begin PBXProject section */
		17B038472A37DBC800D2E326 /* Project object */ = {
			isa = PBXProject;
			attributes = {
				BuildIndependentTargetsInParallel = 1;
				LastSwiftUpdateCheck = 1420;
				LastUpgradeCheck = 1420;
				TargetAttributes = {
					17B0384E2A37DBC800D2E326 = {
						CreatedOnToolsVersion = 14.2;
					};
					17B0385E2A37DBC900D2E326 = {
						CreatedOnToolsVersion = 14.2;
						TestTargetID = 17B0384E2A37DBC800D2E326;
					};
				};
			};
			buildConfigurationList = 17B0384A2A37DBC800D2E326 /* Build configuration list for PBXProject "FilmWise" */;
			compatibilityVersion = "Xcode 14.0";
			developmentRegion = en;
			hasScannedForEncodings = 0;
			knownRegions = (
				en,
				Base,
			);
			mainGroup = 17B038462A37DBC800D2E326;
			packageReferences = (
				17B0387C2A37DF9000D2E326 /* XCRemoteSwiftPackageReference "supabase-swift" */,
			);
			productRefGroup = 17B038502A37DBC800D2E326 /* Products */;
			projectDirPath = "";
			projectRoot = "";
			targets = (
				17B0384E2A37DBC800D2E326 /* FilmWise */,
				17B0385E2A37DBC900D2E326 /* FilmWiseTests */,
			);
		};
/* End PBXProject section */

/* Begin PBXResourcesBuildPhase section */
		17B0384D2A37DBC800D2E326 /* Resources */ = {
			isa = PBXResourcesBuildPhase;
			buildActionMask = 2147483647;
			files = (
				17B0385A2A37DBC900D2E326 /* Preview Assets.xcassets in Resources */,
				17B038572A37DBC900D2E326 /* Assets.xcassets in Resources */,
			);
			runOnlyForDeploymentPostprocessing = 0;
		};
		17B0385D2A37DBC900D2E326 /* Resources */ = {
			isa = PBXResourcesBuildPhase;
			buildActionMask = 2147483647;
			files = (
			);
			runOnlyForDeploymentPostprocessing = 0;
		};
/* End PBXResourcesBuildPhase section */

/* Begin PBXSourcesBuildPhase section */
		17B0384B2A37DBC800D2E326 /* Sources */ = {
			isa = PBXSourcesBuildPhase;
			buildActionMask = 2147483647;
			files = (
				17B038552A37DBC800D2E326 /* LoginView.swift in Sources */,
				17B038892A37F60A00D2E326 /* SyncView.swift in Sources */,
				17B038872A37F5A100D2E326 /* MainView.swift in Sources */,
				17B038532A37DBC800D2E326 /* FilmWiseApp.swift in Sources */,
				17B038902A38F60F00D2E326 /* UserService.swift in Sources */,
				17B038922A38FB2700D2E326 /* MovieService.swift in Sources */,
				17B038852A37F35B00D2E326 /* QuizView.swift in Sources */,
				17B0388B2A37F7C200D2E326 /* MainViewModel.swift in Sources */,
				17B038942A3A84B700D2E326 /* RecommendationView.swift in Sources */,
			);
			runOnlyForDeploymentPostprocessing = 0;
		};
		17B0385B2A37DBC900D2E326 /* Sources */ = {
			isa = PBXSourcesBuildPhase;
			buildActionMask = 2147483647;
			files = (
				17B038642A37DBC900D2E326 /* AuthenticationServiceTests.swift in Sources */,
			);
			runOnlyForDeploymentPostprocessing = 0;
		};
/* End PBXSourcesBuildPhase section */

/* Begin PBXTargetDependency section */
		17B038612A37DBC900D2E326 /* PBXTargetDependency */ = {
			isa = PBXTargetDependency;
			target = 17B0384E2A37DBC800D2E326 /* FilmWise */;
			targetProxy = 17B038602A37DBC900D2E326 /* PBXContainerItemProxy */;
		};
/* End PBXTargetDependency section */

/* Begin XCBuildConfiguration section */
		17B038712A37DBC900D2E326 /* Debug */ = {
			isa = XCBuildConfiguration;
			buildSettings = {
				ALWAYS_SEARCH_USER_PATHS = NO;
				CLANG_ANALYZER_NONNULL = YES;
				CLANG_ANALYZER_NUMBER_OBJECT_CONVERSION = YES_AGGRESSIVE;
				CLANG_CXX_LANGUAGE_STANDARD = "gnu++20";
				CLANG_ENABLE_MODULES = YES;
				CLANG_ENABLE_OBJC_ARC = YES;
				CLANG_ENABLE_OBJC_WEAK = YES;
				CLANG_WARN_BLOCK_CAPTURE_AUTORELEASING = YES;
				CLANG_WARN_BOOL_CONVERSION = YES;
				CLANG_WARN_COMMA = YES;
				CLANG_WARN_CONSTANT_CONVERSION = YES;
				CLANG_WARN_DEPRECATED_OBJC_IMPLEMENTATIONS = YES;
				CLANG_WARN_DIRECT_OBJC_ISA_USAGE = YES_ERROR;
				CLANG_WARN_DOCUMENTATION_COMMENTS = YES;
				CLANG_WARN_EMPTY_BODY = YES;
				CLANG_WARN_ENUM_CONVERSION = YES;
				CLANG_WARN_INFINITE_RECURSION = YES;
				CLANG_WARN_INT_CONVERSION = YES;
				CLANG_WARN_NON_LITERAL_NULL_CONVERSION = YES;
				CLANG_WARN_OBJC_IMPLICIT_RETAIN_SELF = YES;
				CLANG_WARN_OBJC_LITERAL_CONVERSION = YES;
				CLANG_WARN_OBJC_ROOT_CLASS = YES_ERROR;
				CLANG_WARN_QUOTED_INCLUDE_IN_FRAMEWORK_HEADER = YES;
				CLANG_WARN_RANGE_LOOP_ANALYSIS = YES;
				CLANG_WARN_STRICT_PROTOTYPES = YES;
				CLANG_WARN_SUSPICIOUS_MOVE = YES;
				CLANG_WARN_UNGUARDED_AVAILABILITY = YES_AGGRESSIVE;
				CLANG_WARN_UNREACHABLE_CODE = YES;
				CLANG_WARN__DUPLICATE_METHOD_MATCH = YES;
				COPY_PHASE_STRIP = NO;
				DEBUG_INFORMATION_FORMAT = dwarf;
				ENABLE_STRICT_OBJC_MSGSEND = YES;
				ENABLE_TESTABILITY = YES;
				GCC_C_LANGUAGE_STANDARD = gnu11;
				GCC_DYNAMIC_NO_PIC = NO;
				GCC_NO_COMMON_BLOCKS = YES;
				GCC_OPTIMIZATION_LEVEL = 0;
				GCC_PREPROCESSOR_DEFINITIONS = (
					"DEBUG=1",
					"$(inherited)",
				);
				GCC_WARN_64_TO_32_BIT_CONVERSION = YES;
				GCC_WARN_ABOUT_RETURN_TYPE = YES_ERROR;
				GCC_WARN_UNDECLARED_SELECTOR = YES;
				GCC_WARN_UNINITIALIZED_AUTOS = YES_AGGRESSIVE;
				GCC_WARN_UNUSED_FUNCTION = YES;
				GCC_WARN_UNUSED_VARIABLE = YES;
				IPHONEOS_DEPLOYMENT_TARGET = 16.2;
				MTL_ENABLE_DEBUG_INFO = INCLUDE_SOURCE;
				MTL_FAST_MATH = YES;
				ONLY_ACTIVE_ARCH = YES;
				SDKROOT = iphoneos;
				SWIFT_ACTIVE_COMPILATION_CONDITIONS = DEBUG;
				SWIFT_OPTIMIZATION_LEVEL = "-Onone";
			};
			name = Debug;
		};
		17B038722A37DBC900D2E326 /* Release */ = {
			isa = XCBuildConfiguration;
			buildSettings = {
				ALWAYS_SEARCH_USER_PATHS = NO;
				CLANG_ANALYZER_NONNULL = YES;
				CLANG_ANALYZER_NUMBER_OBJECT_CONVERSION = YES_AGGRESSIVE;
				CLANG_CXX_LANGUAGE_STANDARD = "gnu++20";
				CLANG_ENABLE_MODULES = YES;
				CLANG_ENABLE_OBJC_ARC = YES;
				CLANG_ENABLE_OBJC_WEAK = YES;
				CLANG_WARN_BLOCK_CAPTURE_AUTORELEASING = YES;
				CLANG_WARN_BOOL_CONVERSION = YES;
				CLANG_WARN_COMMA = YES;
				CLANG_WARN_CONSTANT_CONVERSION = YES;
				CLANG_WARN_DEPRECATED_OBJC_IMPLEMENTATIONS = YES;
				CLANG_WARN_DIRECT_OBJC_ISA_USAGE = YES_ERROR;
				CLANG_WARN_DOCUMENTATION_COMMENTS = YES;
				CLANG_WARN_EMPTY_BODY = YES;
				CLANG_WARN_ENUM_CONVERSION = YES;
				CLANG_WARN_INFINITE_RECURSION = YES;
				CLANG_WARN_INT_CONVERSION = YES;
				CLANG_WARN_NON_LITERAL_NULL_CONVERSION = YES;
				CLANG_WARN_OBJC_IMPLICIT_RETAIN_SELF = YES;
				CLANG_WARN_OBJC_LITERAL_CONVERSION = YES;
				CLANG_WARN_OBJC_ROOT_CLASS = YES_ERROR;
				CLANG_WARN_QUOTED_INCLUDE_IN_FRAMEWORK_HEADER = YES;
				CLANG_WARN_RANGE_LOOP_ANALYSIS = YES;
				CLANG_WARN_STRICT_PROTOTYPES = YES;
				CLANG_WARN_SUSPICIOUS_MOVE = YES;
				CLANG_WARN_UNGUARDED_AVAILABILITY = YES_AGGRESSIVE;
				CLANG_WARN_UNREACHABLE_CODE = YES;
				CLANG_WARN__DUPLICATE_METHOD_MATCH = YES;
				COPY_PHASE_STRIP = NO;
				DEBUG_INFORMATION_FORMAT = "dwarf-with-dsym";
				ENABLE_NS_ASSERTIONS = NO;
				ENABLE_STRICT_OBJC_MSGSEND = YES;
				GCC_C_LANGUAGE_STANDARD = gnu11;
				GCC_NO_COMMON_BLOCKS = YES;
				GCC_WARN_64_TO_32_BIT_CONVERSION = YES;
				GCC_WARN_ABOUT_RETURN_TYPE = YES_ERROR;
				GCC_WARN_UNDECLARED_SELECTOR = YES;
				GCC_WARN_UNINITIALIZED_AUTOS = YES_AGGRESSIVE;
				GCC_WARN_UNUSED_FUNCTION = YES;
				GCC_WARN_UNUSED_VARIABLE = YES;
				IPHONEOS_DEPLOYMENT_TARGET = 16.2;
				MTL_ENABLE_DEBUG_INFO = NO;
				MTL_FAST_MATH = YES;
				SDKROOT = iphoneos;
				SWIFT_COMPILATION_MODE = wholemodule;
				SWIFT_OPTIMIZATION_LEVEL = "-O";
				VALIDATE_PRODUCT = YES;
			};
			name = Release;
		};
		17B038742A37DBC900D2E326 /* Debug */ = {
			isa = XCBuildConfiguration;
			buildSettings = {
				ASSETCATALOG_COMPILER_APPICON_NAME = AppIcon;
				ASSETCATALOG_COMPILER_GLOBAL_ACCENT_COLOR_NAME = AccentColor;
				CODE_SIGN_IDENTITY = "Apple Development";
				CODE_SIGN_STYLE = Automatic;
				CURRENT_PROJECT_VERSION = 8;
				DEVELOPMENT_ASSET_PATHS = "\"FilmWise/Preview Content\"";
				DEVELOPMENT_TEAM = W5SMVQ4M6D;
				ENABLE_PREVIEWS = YES;
				GENERATE_INFOPLIST_FILE = YES;
				INFOPLIST_FILE = FilmWise/Info.plist;
				INFOPLIST_KEY_CFBundleDisplayName = CineMatch;
				INFOPLIST_KEY_LSApplicationCategoryType = "public.app-category.entertainment";
				INFOPLIST_KEY_UIApplicationSceneManifest_Generation = YES;
				INFOPLIST_KEY_UIApplicationSupportsIndirectInputEvents = YES;
				INFOPLIST_KEY_UILaunchScreen_Generation = YES;
				INFOPLIST_KEY_UISupportedInterfaceOrientations = UIInterfaceOrientationPortrait;
				INFOPLIST_KEY_UISupportedInterfaceOrientations_iPad = "UIInterfaceOrientationLandscapeLeft UIInterfaceOrientationLandscapeRight UIInterfaceOrientationPortrait UIInterfaceOrientationPortraitUpsideDown";
				IPHONEOS_DEPLOYMENT_TARGET = 16.0;
				LD_RUNPATH_SEARCH_PATHS = (
					"$(inherited)",
					"@executable_path/Frameworks",
				);
				MARKETING_VERSION = 1.0;
				PRODUCT_BUNDLE_IDENTIFIER = com.daveedbalcher.cinematchio;
				PRODUCT_NAME = "$(TARGET_NAME)";
				PROVISIONING_PROFILE_SPECIFIER = "";
				SUPPORTED_PLATFORMS = "iphoneos iphonesimulator";
				SUPPORTS_MACCATALYST = NO;
				SUPPORTS_MAC_DESIGNED_FOR_IPHONE_IPAD = NO;
				SWIFT_EMIT_LOC_STRINGS = YES;
				SWIFT_VERSION = 5.0;
				TARGETED_DEVICE_FAMILY = "1,2";
			};
			name = Debug;
		};
		17B038752A37DBC900D2E326 /* Release */ = {
			isa = XCBuildConfiguration;
			buildSettings = {
				ASSETCATALOG_COMPILER_APPICON_NAME = AppIcon;
				ASSETCATALOG_COMPILER_GLOBAL_ACCENT_COLOR_NAME = AccentColor;
				CODE_SIGN_IDENTITY = "Apple Development";
				CODE_SIGN_STYLE = Automatic;
				CURRENT_PROJECT_VERSION = 8;
				DEVELOPMENT_ASSET_PATHS = "\"FilmWise/Preview Content\"";
				DEVELOPMENT_TEAM = W5SMVQ4M6D;
				ENABLE_PREVIEWS = YES;
				GENERATE_INFOPLIST_FILE = YES;
				INFOPLIST_FILE = FilmWise/Info.plist;
				INFOPLIST_KEY_CFBundleDisplayName = CineMatch;
				INFOPLIST_KEY_LSApplicationCategoryType = "public.app-category.entertainment";
				INFOPLIST_KEY_UIApplicationSceneManifest_Generation = YES;
				INFOPLIST_KEY_UIApplicationSupportsIndirectInputEvents = YES;
				INFOPLIST_KEY_UILaunchScreen_Generation = YES;
				INFOPLIST_KEY_UISupportedInterfaceOrientations = UIInterfaceOrientationPortrait;
				INFOPLIST_KEY_UISupportedInterfaceOrientations_iPad = "UIInterfaceOrientationLandscapeLeft UIInterfaceOrientationLandscapeRight UIInterfaceOrientationPortrait UIInterfaceOrientationPortraitUpsideDown";
				IPHONEOS_DEPLOYMENT_TARGET = 16.0;
				LD_RUNPATH_SEARCH_PATHS = (
					"$(inherited)",
					"@executable_path/Frameworks",
				);
				MARKETING_VERSION = 1.0;
				PRODUCT_BUNDLE_IDENTIFIER = com.daveedbalcher.cinematchio;
				PRODUCT_NAME = "$(TARGET_NAME)";
				PROVISIONING_PROFILE_SPECIFIER = "";
				SUPPORTED_PLATFORMS = "iphoneos iphonesimulator";
				SUPPORTS_MACCATALYST = NO;
				SUPPORTS_MAC_DESIGNED_FOR_IPHONE_IPAD = NO;
				SWIFT_EMIT_LOC_STRINGS = YES;
				SWIFT_VERSION = 5.0;
				TARGETED_DEVICE_FAMILY = "1,2";
			};
			name = Release;
		};
		17B038772A37DBC900D2E326 /* Debug */ = {
			isa = XCBuildConfiguration;
			buildSettings = {
				ALWAYS_EMBED_SWIFT_STANDARD_LIBRARIES = YES;
				BUNDLE_LOADER = "$(TEST_HOST)";
				CODE_SIGN_STYLE = Automatic;
				CURRENT_PROJECT_VERSION = 1;
				DEVELOPMENT_TEAM = W5SMVQ4M6D;
				GENERATE_INFOPLIST_FILE = YES;
				IPHONEOS_DEPLOYMENT_TARGET = 16.2;
				MARKETING_VERSION = 1.0;
				PRODUCT_BUNDLE_IDENTIFIER = DaveedBalcher.FilmWiseTests;
				PRODUCT_NAME = "$(TARGET_NAME)";
				SWIFT_EMIT_LOC_STRINGS = NO;
				SWIFT_VERSION = 5.0;
				TARGETED_DEVICE_FAMILY = "1,2";
				TEST_HOST = "$(BUILT_PRODUCTS_DIR)/FilmWise.app/$(BUNDLE_EXECUTABLE_FOLDER_PATH)/FilmWise";
			};
			name = Debug;
		};
		17B038782A37DBC900D2E326 /* Release */ = {
			isa = XCBuildConfiguration;
			buildSettings = {
				ALWAYS_EMBED_SWIFT_STANDARD_LIBRARIES = YES;
				BUNDLE_LOADER = "$(TEST_HOST)";
				CODE_SIGN_STYLE = Automatic;
				CURRENT_PROJECT_VERSION = 1;
				DEVELOPMENT_TEAM = W5SMVQ4M6D;
				GENERATE_INFOPLIST_FILE = YES;
				IPHONEOS_DEPLOYMENT_TARGET = 16.2;
				MARKETING_VERSION = 1.0;
				PRODUCT_BUNDLE_IDENTIFIER = DaveedBalcher.FilmWiseTests;
				PRODUCT_NAME = "$(TARGET_NAME)";
				SWIFT_EMIT_LOC_STRINGS = NO;
				SWIFT_VERSION = 5.0;
				TARGETED_DEVICE_FAMILY = "1,2";
				TEST_HOST = "$(BUILT_PRODUCTS_DIR)/FilmWise.app/$(BUNDLE_EXECUTABLE_FOLDER_PATH)/FilmWise";
			};
			name = Release;
		};
/* End XCBuildConfiguration section */

/* Begin XCConfigurationList section */
		17B0384A2A37DBC800D2E326 /* Build configuration list for PBXProject "FilmWise" */ = {
			isa = XCConfigurationList;
			buildConfigurations = (
				17B038712A37DBC900D2E326 /* Debug */,
				17B038722A37DBC900D2E326 /* Release */,
			);
			defaultConfigurationIsVisible = 0;
			defaultConfigurationName = Release;
		};
		17B038732A37DBC900D2E326 /* Build configuration list for PBXNativeTarget "FilmWise" */ = {
			isa = XCConfigurationList;
			buildConfigurations = (
				17B038742A37DBC900D2E326 /* Debug */,
				17B038752A37DBC900D2E326 /* Release */,
			);
			defaultConfigurationIsVisible = 0;
			defaultConfigurationName = Release;
		};
		17B038762A37DBC900D2E326 /* Build configuration list for PBXNativeTarget "FilmWiseTests" */ = {
			isa = XCConfigurationList;
			buildConfigurations = (
				17B038772A37DBC900D2E326 /* Debug */,
				17B038782A37DBC900D2E326 /* Release */,
			);
			defaultConfigurationIsVisible = 0;
			defaultConfigurationName = Release;
		};
/* End XCConfigurationList section */

/* Begin XCRemoteSwiftPackageReference section */
		17B0387C2A37DF9000D2E326 /* XCRemoteSwiftPackageReference "supabase-swift" */ = {
			isa = XCRemoteSwiftPackageReference;
			repositoryURL = "https://github.com/supabase-community/supabase-swift";
			requirement = {
				kind = upToNextMajorVersion;
				minimumVersion = 0.2.1;
			};
		};
/* End XCRemoteSwiftPackageReference section */

/* Begin XCSwiftPackageProductDependency section */
		17B0387D2A37DF9000D2E326 /* Supabase */ = {
			isa = XCSwiftPackageProductDependency;
			package = 17B0387C2A37DF9000D2E326 /* XCRemoteSwiftPackageReference "supabase-swift" */;
			productName = Supabase;
		};
/* End XCSwiftPackageProductDependency section */
	};
	rootObject = 17B038472A37DBC800D2E326 /* Project object */;
}
